
Microsoft Visual Studio Solution File, Format Version 12.00
# Visual Studio Version 17
VisualStudioVersion = 17.6.33801.468
MinimumVisualStudioVersion = 10.0.40219.1
Project("{FAE04EC0-301F-11D3-BF4B-00C04F79EFBC}") = "Interfaces_Retiro_Curso", "Interfaces_Retiro_Curso\Interfaces_Retiro_Curso.csproj", "{91F2BDCB-9C58-4CD1-A76A-714EAA7608DB}"
EndProject
Global
	GlobalSection(SolutionConfigurationPlatforms) = preSolution
		Debug|Any CPU = Debug|Any CPU
		Release|Any CPU = Release|Any CPU
	EndGlobalSection
	GlobalSection(ProjectConfigurationPlatforms) = postSolution
		{91F2BDCB-9C58-4CD1-A76A-714EAA7608DB}.Debug|Any CPU.ActiveCfg = Debug|Any CPU
		{91F2BDCB-9C58-4CD1-A76A-714EAA7608DB}.Debug|Any CPU.Build.0 = Debug|Any CPU
		{91F2BDCB-9C58-4CD1-A76A-714EAA7608DB}.Release|Any CPU.ActiveCfg = Release|Any CPU
		{91F2BDCB-9C58-4CD1-A76A-714EAA7608DB}.Release|Any CPU.Build.0 = Release|Any CPU
	EndGlobalSection
	GlobalSection(SolutionProperties) = preSolution
		HideSolutionNode = FALSE
	EndGlobalSection
	GlobalSection(ExtensibilityGlobals) = postSolution
		SolutionGuid = {37DAD821-9489-45CF-AFD0-40C1CC173F23}
	EndGlobalSection
EndGlobal
